
Microsoft Visual Studio Solution File, Format Version 12.00
# Visual Studio Version 17
VisualStudioVersion = 17.1.31911.260
MinimumVisualStudioVersion = 10.0.40219.1
Project("{FAE04EC0-301F-11D3-BF4B-00C04F79EFBC}") = "SallesWebMVC", "SallesWebMVC\SallesWebMVC.csproj", "{CDF48D16-CED9-4A3A-98EF-5FF79F071E48}"
EndProject
Global
	GlobalSection(SolutionConfigurationPlatforms) = preSolution
		Debug|Any CPU = Debug|Any CPU
		Release|Any CPU = Release|Any CPU
	EndGlobalSection
	GlobalSection(ProjectConfigurationPlatforms) = postSolution
		{CDF48D16-CED9-4A3A-98EF-5FF79F071E48}.Debug|Any CPU.ActiveCfg = Debug|Any CPU
		{CDF48D16-CED9-4A3A-98EF-5FF79F071E48}.Debug|Any CPU.Build.0 = Debug|Any CPU
		{CDF48D16-CED9-4A3A-98EF-5FF79F071E48}.Release|Any CPU.ActiveCfg = Release|Any CPU
		{CDF48D16-CED9-4A3A-98EF-5FF79F071E48}.Release|Any CPU.Build.0 = Release|Any CPU
	EndGlobalSection
	GlobalSection(SolutionProperties) = preSolution
		HideSolutionNode = FALSE
	EndGlobalSection
	GlobalSection(ExtensibilityGlobals) = postSolution
		SolutionGuid = {7C160B1F-6996-421B-9EB6-AAC9B66E48C7}
	EndGlobalSection
EndGlobal
